// !$*UTF8*$!
{
	archiveVersion = 1;
	classes = {
	};
	objectVersion = 46;
	objects = {

/* Begin PBXBuildFile section */
		DBE1E3861E670FF4003F1A92 /* AppDelegate.swift in Sources */ = {isa = PBXBuildFile; fileRef = DBE1E3851E670FF4003F1A92 /* AppDelegate.swift */; };
		DBE1E3881E670FF4003F1A92 /* ViewController.swift in Sources */ = {isa = PBXBuildFile; fileRef = DBE1E3871E670FF4003F1A92 /* ViewController.swift */; };
		DBE1E38B1E670FF4003F1A92 /* Main.storyboard in Resources */ = {isa = PBXBuildFile; fileRef = DBE1E3891E670FF4003F1A92 /* Main.storyboard */; };
		DBE1E38D1E670FF4003F1A92 /* Assets.xcassets in Resources */ = {isa = PBXBuildFile; fileRef = DBE1E38C1E670FF4003F1A92 /* Assets.xcassets */; };
		DBE1E3901E670FF4003F1A92 /* LaunchScreen.storyboard in Resources */ = {isa = PBXBuildFile; fileRef = DBE1E38E1E670FF4003F1A92 /* LaunchScreen.storyboard */; };
/* End PBXBuildFile section */

/* Begin PBXFileReference section */
		DBE1E3821E670FF4003F1A92 /* destroy-the-world.app */ = {isa = PBXFileReference; explicitFileType = wrapper.application; includeInIndex = 0; path = "destroy-the-world.app"; sourceTree = BUILT_PRODUCTS_DIR; };
		DBE1E3851E670FF4003F1A92 /* AppDelegate.swift */ = {isa = PBXFileReference; lastKnownFileType = sourcecode.swift; path = AppDelegate.swift; sourceTree = "<group>"; };
		DBE1E3871E670FF4003F1A92 /* ViewController.swift */ = {isa = PBXFileReference; lastKnownFileType = sourcecode.swift; path = ViewController.swift; sourceTree = "<group>"; };
		DBE1E38A1E670FF4003F1A92 /* Base */ = {isa = PBXFileReference; lastKnownFileType = file.storyboard; name = Base; path = Base.lproj/Main.storyboard; sourceTree = "<group>"; };
		DBE1E38C1E670FF4003F1A92 /* Assets.xcassets */ = {isa = PBXFileReference; lastKnownFileType = folder.assetcatalog; path = Assets.xcassets; sourceTree = "<group>"; };
		DBE1E38F1E670FF4003F1A92 /* Base */ = {isa = PBXFileReference; lastKnownFileType = file.storyboard; name = Base; path = Base.lproj/LaunchScreen.storyboard; sourceTree = "<group>"; };
		DBE1E3911E670FF4003F1A92 /* Info.plist */ = {isa = PBXFileReference; lastKnownFileType = text.plist.xml; path = Info.plist; sourceTree = "<group>"; };
/* End PBXFileReference section */

/* Begin PBXFrameworksBuildPhase section */
		DBE1E37F1E670FF3003F1A92 /* Frameworks */ = {
			isa = PBXFrameworksBuildPhase;
			buildActionMask = 2147483647;
			files = (
			);
			runOnlyForDeploymentPostprocessing = 0;
		};
/* End PBXFrameworksBuildPhase section */

/* Begin PBXGroup section */
		DBE1E3791E670FF3003F1A92 = {
			isa = PBXGroup;
			children = (
				DBE1E3841E670FF4003F1A92 /* destroy-the-world */,
				DBE1E3831E670FF4003F1A92 /* Products */,
			);
			sourceTree = "<group>";
		};
		DBE1E3831E670FF4003F1A92 /* Products */ = {
			isa = PBXGroup;
			children = (
				DBE1E3821E670FF4003F1A92 /* destroy-the-world.app */,
			);
			name = Products;
			sourceTree = "<group>";
		};
		DBE1E3841E670FF4003F1A92 /* destroy-the-world */ = {
			isa = PBXGroup;
			children = (
				DBE1E3851E670FF4003F1A92 /* AppDelegate.swift */,
				DBE1E3871E670FF4003F1A92 /* ViewController.swift */,
				DBE1E3891E670FF4003F1A92 /* Main.storyboard */,
				DBE1E38C1E670FF4003F1A92 /* Assets.xcassets */,
				DBE1E38E1E670FF4003F1A92 /* LaunchScreen.storyboard */,
				DBE1E3911E670FF4003F1A92 /* Info.plist */,
			);
			path = "destroy-the-world";
			sourceTree = "<group>";
		};
/* End PBXGroup section */

/* Begin PBXNativeTarget section */
		DBE1E3811E670FF3003F1A92 /* destroy-the-world */ = {
			isa = PBXNativeTarget;
			buildConfigurationList = DBE1E3941E670FF4003F1A92 /* Build configuration list for PBXNativeTarget "destroy-the-world" */;
			buildPhases = (
				DBE1E37E1E670FF3003F1A92 /* Sources */,
				DBE1E37F1E670FF3003F1A92 /* Frameworks */,
				DBE1E3801E670FF3003F1A92 /* Resources */,
			);
			buildRules = (
			);
			dependencies = (
			);
			name = "destroy-the-world";
			productName = "destroy-the-world";
			productReference = DBE1E3821E670FF4003F1A92 /* destroy-the-world.app */;
			productType = "com.apple.product-type.application";
		};
/* End PBXNativeTarget section */

/* Begin PBXProject section */
		DBE1E37A1E670FF3003F1A92 /* Project object */ = {
			isa = PBXProject;
			attributes = {
				LastSwiftUpdateCheck = 0820;
				LastUpgradeCheck = 0820;
				ORGANIZATIONNAME = BorzDev;
				TargetAttributes = {
					DBE1E3811E670FF3003F1A92 = {
						CreatedOnToolsVersion = 8.2.1;
						DevelopmentTeam = MX9U89AN78;
						ProvisioningStyle = Automatic;
					};
				};
			};
			buildConfigurationList = DBE1E37D1E670FF3003F1A92 /* Build configuration list for PBXProject "destroy-the-world" */;
			compatibilityVersion = "Xcode 3.2";
			developmentRegion = English;
			hasScannedForEncodings = 0;
			knownRegions = (
				en,
				Base,
			);
			mainGroup = DBE1E3791E670FF3003F1A92;
			productRefGroup = DBE1E3831E670FF4003F1A92 /* Products */;
			projectDirPath = "";
			projectRoot = "";
			targets = (
				DBE1E3811E670FF3003F1A92 /* destroy-the-world */,
			);
		};
/* End PBXProject section */

/* Begin PBXResourcesBuildPhase section */
		DBE1E3801E670FF3003F1A92 /* Resources */ = {
			isa = PBXResourcesBuildPhase;
			buildActionMask = 2147483647;
			files = (
				DBE1E3901E670FF4003F1A92 /* LaunchScreen.storyboard in Resources */,
				DBE1E38D1E670FF4003F1A92 /* Assets.xcassets in Resources */,
				DBE1E38B1E670FF4003F1A92 /* Main.storyboard in Resources */,
			);
			runOnlyForDeploymentPostprocessing = 0;
		};
/* End PBXResourcesBuildPhase section */

/* Begin PBXSourcesBuildPhase section */
		DBE1E37E1E670FF3003F1A92 /* Sources */ = {
			isa = PBXSourcesBuildPhase;
			buildActionMask = 2147483647;
			files = (
				DBE1E3881E670FF4003F1A92 /* ViewController.swift in Sources */,
				DBE1E3861E670FF4003F1A92 /* AppDelegate.swift in Sources */,
			);
			runOnlyForDeploymentPostprocessing = 0;
		};
/* End PBXSourcesBuildPhase section */

/* Begin PBXVariantGroup section */
		DBE1E3891E670FF4003F1A92 /* Main.storyboard */ = {
			isa = PBXVariantGroup;
			children = (
				DBE1E38A1E670FF4003F1A92 /* Base */,
			);
			name = Main.storyboard;
			sourceTree = "<group>";
		};
		DBE1E38E1E670FF4003F1A92 /* LaunchScreen.storyboard */ = {
			isa = PBXVariantGroup;
			children = (
				DBE1E38F1E670FF4003F1A92 /* Base */,
			);
			name = LaunchScreen.storyboard;
			sourceTree = "<group>";
		};
/* End PBXVariantGroup section */

/* Begin XCBuildConfiguration section */
		DBE1E3921E670FF4003F1A92 /* Debug */ = {
			isa = XCBuildConfiguration;
			buildSettings = {
				ALWAYS_SEARCH_USER_PATHS = NO;
				CLANG_ANALYZER_NONNULL = YES;
				CLANG_CXX_LANGUAGE_STANDARD = "gnu++0x";
				CLANG_CXX_LIBRARY = "libc++";
				CLANG_ENABLE_MODULES = YES;
				CLANG_ENABLE_OBJC_ARC = YES;
				CLANG_WARN_BOOL_CONVERSION = YES;
				CLANG_WARN_CONSTANT_CONVERSION = YES;
				CLANG_WARN_DIRECT_OBJC_ISA_USAGE = YES_ERROR;
				CLANG_WARN_DOCUMENTATION_COMMENTS = YES;
				CLANG_WARN_EMPTY_BODY = YES;
				CLANG_WARN_ENUM_CONVERSION = YES;
				CLANG_WARN_INFINITE_RECURSION = YES;
				CLANG_WARN_INT_CONVERSION = YES;
				CLANG_WARN_OBJC_ROOT_CLASS = YES_ERROR;
				CLANG_WARN_SUSPICIOUS_MOVE = YES;
				CLANG_WARN_UNREACHABLE_CODE = YES;
				CLANG_WARN__DUPLICATE_METHOD_MATCH = YES;
				"CODE_SIGN_IDENTITY[sdk=iphoneos*]" = "iPhone Developer";
				COPY_PHASE_STRIP = NO;
				DEBUG_INFORMATION_FORMAT = dwarf;
				ENABLE_STRICT_OBJC_MSGSEND = YES;
				ENABLE_TESTABILITY = YES;
				GCC_C_LANGUAGE_STANDARD = gnu99;
				GCC_DYNAMIC_NO_PIC = NO;
				GCC_NO_COMMON_BLOCKS = YES;
				GCC_OPTIMIZATION_LEVEL = 0;
				GCC_PREPROCESSOR_DEFINITIONS = (
					"DEBUG=1",
					"$(inherited)",
				);
				GCC_WARN_64_TO_32_BIT_CONVERSION = YES;
				GCC_WARN_ABOUT_RETURN_TYPE = YES_ERROR;
				GCC_WARN_UNDECLARED_SELECTOR = YES;
				GCC_WARN_UNINITIALIZED_AUTOS = YES_AGGRESSIVE;
				GCC_WARN_UNUSED_FUNCTION = YES;
				GCC_WARN_UNUSED_VARIABLE = YES;
				IPHONEOS_DEPLOYMENT_TARGET = 10.2;
				MTL_ENABLE_DEBUG_INFO = YES;
				ONLY_ACTIVE_ARCH = YES;
				SDKROOT = iphoneos;
				SWIFT_ACTIVE_COMPILATION_CONDITIONS = DEBUG;
				SWIFT_OPTIMIZATION_LEVEL = "-Onone";
			};
			name = Debug;
		};
		DBE1E3931E670FF4003F1A92 /* Release */ = {
			isa = XCBuildConfiguration;
			buildSettings = {
				ALWAYS_SEARCH_USER_PATHS = NO;
				CLANG_ANALYZER_NONNULL = YES;
				CLANG_CXX_LANGUAGE_STANDARD = "gnu++0x";
				CLANG_CXX_LIBRARY = "libc++";
				CLANG_ENABLE_MODULES = YES;
				CLANG_ENABLE_OBJC_ARC = YES;
				CLANG_WARN_BOOL_CONVERSION = YES;
				CLANG_WARN_CONSTANT_CONVERSION = YES;
				CLANG_WARN_DIRECT_OBJC_ISA_USAGE = YES_ERROR;
				CLANG_WARN_DOCUMENTATION_COMMENTS = YES;
				CLANG_WARN_EMPTY_BODY = YES;
				CLANG_WARN_ENUM_CONVERSION = YES;
				CLANG_WARN_INFINITE_RECURSION = YES;
				CLANG_WARN_INT_CONVERSION = YES;
				CLANG_WARN_OBJC_ROOT_CLASS = YES_ERROR;
				CLANG_WARN_SUSPICIOUS_MOVE = YES;
				CLANG_WARN_UNREACHABLE_CODE = YES;
				CLANG_WARN__DUPLICATE_METHOD_MATCH = YES;
				"CODE_SIGN_IDENTITY[sdk=iphoneos*]" = "iPhone Developer";
				COPY_PHASE_STRIP = NO;
				DEBUG_INFORMATION_FORMAT = "dwarf-with-dsym";
				ENABLE_NS_ASSERTIONS = NO;
				ENABLE_STRICT_OBJC_MSGSEND = YES;
				GCC_C_LANGUAGE_STANDARD = gnu99;
				GCC_NO_COMMON_BLOCKS = YES;
				GCC_WARN_64_TO_32_BIT_CONVERSION = YES;
				GCC_WARN_ABOUT_RETURN_TYPE = YES_ERROR;
				GCC_WARN_UNDECLARED_SELECTOR = YES;
				GCC_WARN_UNINITIALIZED_AUTOS = YES_AGGRESSIVE;
				GCC_WARN_UNUSED_FUNCTION = YES;
				GCC_WARN_UNUSED_VARIABLE = YES;
				IPHONEOS_DEPLOYMENT_TARGET = 10.2;
				MTL_ENABLE_DEBUG_INFO = NO;
				SDKROOT = iphoneos;
				SWIFT_OPTIMIZATION_LEVEL = "-Owholemodule";
				VALIDATE_PRODUCT = YES;
			};
			name = Release;
		};
		DBE1E3951E670FF4003F1A92 /* Debug */ = {
			isa = XCBuildConfiguration;
			buildSettings = {
				ASSETCATALOG_COMPILER_APPICON_NAME = AppIcon;
				DEVELOPMENT_TEAM = MX9U89AN78;
				INFOPLIST_FILE = "destroy-the-world/Info.plist";
				LD_RUNPATH_SEARCH_PATHS = "$(inherited) @executable_path/Frameworks";
				PRODUCT_BUNDLE_IDENTIFIER = "com.borzdev.destroy-the-world";
				PRODUCT_NAME = "$(TARGET_NAME)";
				SWIFT_VERSION = 3.0;
			};
			name = Debug;
		};
		DBE1E3961E670FF4003F1A92 /* Release */ = {
			isa = XCBuildConfiguration;
			buildSettings = {
				ASSETCATALOG_COMPILER_APPICON_NAME = AppIcon;
				DEVELOPMENT_TEAM = MX9U89AN78;
				INFOPLIST_FILE = "destroy-the-world/Info.plist";
				LD_RUNPATH_SEARCH_PATHS = "$(inherited) @executable_path/Frameworks";
				PRODUCT_BUNDLE_IDENTIFIER = "com.borzdev.destroy-the-world";
				PRODUCT_NAME = "$(TARGET_NAME)";
				SWIFT_VERSION = 3.0;
			};
			name = Release;
		};
/* End XCBuildConfiguration section */

/* Begin XCConfigurationList section */
		DBE1E37D1E670FF3003F1A92 /* Build configuration list for PBXProject "destroy-the-world" */ = {
			isa = XCConfigurationList;
			buildConfigurations = (
				DBE1E3921E670FF4003F1A92 /* Debug */,
				DBE1E3931E670FF4003F1A92 /* Release */,
			);
			defaultConfigurationIsVisible = 0;
			defaultConfigurationName = Release;
		};
		DBE1E3941E670FF4003F1A92 /* Build configuration list for PBXNativeTarget "destroy-the-world" */ = {
			isa = XCConfigurationList;
			buildConfigurations = (
				DBE1E3951E670FF4003F1A92 /* Debug */,
				DBE1E3961E670FF4003F1A92 /* Release */,
			);
			defaultConfigurationIsVisible = 0;
		};
/* End XCConfigurationList section */
	};
	rootObject = DBE1E37A1E670FF3003F1A92 /* Project object */;
}
